// !$*UTF8*$!
{
	archiveVersion = 1;
	classes = {
	};
	objectVersion = 56;
	objects = {

/* Begin PBXBuildFile section */
		CE4218BA2C2B14F0005DA37D /* WaterInTake.swift in Sources */ = {isa = PBXBuildFile; fileRef = CE4218B92C2B14F0005DA37D /* WaterInTake.swift */; };
		CE4218BC2C2B1AC4005DA37D /* WaterInTakeViewModel.swift in Sources */ = {isa = PBXBuildFile; fileRef = CE4218BB2C2B1AC4005DA37D /* WaterInTakeViewModel.swift */; };
		CE88BF332C2D9C2C00C6081F /* WaterWaveView.swift in Sources */ = {isa = PBXBuildFile; fileRef = CE88BF322C2D9C2C00C6081F /* WaterWaveView.swift */; };
		CE88BF352C2DAB8F00C6081F /* WaterDropView.swift in Sources */ = {isa = PBXBuildFile; fileRef = CE88BF342C2DAB8F00C6081F /* WaterDropView.swift */; };
		CE88BF372C2DABD100C6081F /* WaterDropViewModel.swift in Sources */ = {isa = PBXBuildFile; fileRef = CE88BF362C2DABD100C6081F /* WaterDropViewModel.swift */; };
		CE9D49882C232A3C005021CF /* MulimeeApp.swift in Sources */ = {isa = PBXBuildFile; fileRef = CE9D49872C232A3C005021CF /* MulimeeApp.swift */; };
		CE9D498A2C232A3C005021CF /* WaterInTakeView.swift in Sources */ = {isa = PBXBuildFile; fileRef = CE9D49892C232A3C005021CF /* WaterInTakeView.swift */; };
		CE9D498C2C232A3E005021CF /* Assets.xcassets in Resources */ = {isa = PBXBuildFile; fileRef = CE9D498B2C232A3E005021CF /* Assets.xcassets */; };
		CE9D49902C232A3E005021CF /* Preview Assets.xcassets in Resources */ = {isa = PBXBuildFile; fileRef = CE9D498F2C232A3E005021CF /* Preview Assets.xcassets */; };
		CE9D499A2C232A3E005021CF /* MulimeeTests.swift in Sources */ = {isa = PBXBuildFile; fileRef = CE9D49992C232A3E005021CF /* MulimeeTests.swift */; };
		CE9D49A42C232A3E005021CF /* MulimeeUITests.swift in Sources */ = {isa = PBXBuildFile; fileRef = CE9D49A32C232A3E005021CF /* MulimeeUITests.swift */; };
		CE9D49A62C232A3E005021CF /* MulimeeUITestsLaunchTests.swift in Sources */ = {isa = PBXBuildFile; fileRef = CE9D49A52C232A3E005021CF /* MulimeeUITestsLaunchTests.swift */; };
/* End PBXBuildFile section */

/* Begin PBXContainerItemProxy section */
		CE9D49962C232A3E005021CF /* PBXContainerItemProxy */ = {
			isa = PBXContainerItemProxy;
			containerPortal = CE9D497C2C232A3C005021CF /* Project object */;
			proxyType = 1;
			remoteGlobalIDString = CE9D49832C232A3C005021CF;
			remoteInfo = Mulimee;
		};
		CE9D49A02C232A3E005021CF /* PBXContainerItemProxy */ = {
			isa = PBXContainerItemProxy;
			containerPortal = CE9D497C2C232A3C005021CF /* Project object */;
			proxyType = 1;
			remoteGlobalIDString = CE9D49832C232A3C005021CF;
			remoteInfo = Mulimee;
		};
/* End PBXContainerItemProxy section */

/* Begin PBXFileReference section */
		CE4218B92C2B14F0005DA37D /* WaterInTake.swift */ = {isa = PBXFileReference; lastKnownFileType = sourcecode.swift; path = WaterInTake.swift; sourceTree = "<group>"; };
		CE4218BB2C2B1AC4005DA37D /* WaterInTakeViewModel.swift */ = {isa = PBXFileReference; lastKnownFileType = sourcecode.swift; path = WaterInTakeViewModel.swift; sourceTree = "<group>"; };
		CE88BF322C2D9C2C00C6081F /* WaterWaveView.swift */ = {isa = PBXFileReference; lastKnownFileType = sourcecode.swift; path = WaterWaveView.swift; sourceTree = "<group>"; };
		CE88BF342C2DAB8F00C6081F /* WaterDropView.swift */ = {isa = PBXFileReference; lastKnownFileType = sourcecode.swift; path = WaterDropView.swift; sourceTree = "<group>"; };
		CE88BF362C2DABD100C6081F /* WaterDropViewModel.swift */ = {isa = PBXFileReference; lastKnownFileType = sourcecode.swift; path = WaterDropViewModel.swift; sourceTree = "<group>"; };
		CE9D49842C232A3C005021CF /* Mulimee.app */ = {isa = PBXFileReference; explicitFileType = wrapper.application; includeInIndex = 0; path = Mulimee.app; sourceTree = BUILT_PRODUCTS_DIR; };
		CE9D49872C232A3C005021CF /* MulimeeApp.swift */ = {isa = PBXFileReference; lastKnownFileType = sourcecode.swift; path = MulimeeApp.swift; sourceTree = "<group>"; };
		CE9D49892C232A3C005021CF /* WaterInTakeView.swift */ = {isa = PBXFileReference; lastKnownFileType = sourcecode.swift; path = WaterInTakeView.swift; sourceTree = "<group>"; };
		CE9D498B2C232A3E005021CF /* Assets.xcassets */ = {isa = PBXFileReference; lastKnownFileType = folder.assetcatalog; path = Assets.xcassets; sourceTree = "<group>"; };
		CE9D498D2C232A3E005021CF /* Mulimee.entitlements */ = {isa = PBXFileReference; lastKnownFileType = text.plist.entitlements; path = Mulimee.entitlements; sourceTree = "<group>"; };
		CE9D498F2C232A3E005021CF /* Preview Assets.xcassets */ = {isa = PBXFileReference; lastKnownFileType = folder.assetcatalog; path = "Preview Assets.xcassets"; sourceTree = "<group>"; };
		CE9D49952C232A3E005021CF /* MulimeeTests.xctest */ = {isa = PBXFileReference; explicitFileType = wrapper.cfbundle; includeInIndex = 0; path = MulimeeTests.xctest; sourceTree = BUILT_PRODUCTS_DIR; };
		CE9D49992C232A3E005021CF /* MulimeeTests.swift */ = {isa = PBXFileReference; lastKnownFileType = sourcecode.swift; path = MulimeeTests.swift; sourceTree = "<group>"; };
		CE9D499F2C232A3E005021CF /* MulimeeUITests.xctest */ = {isa = PBXFileReference; explicitFileType = wrapper.cfbundle; includeInIndex = 0; path = MulimeeUITests.xctest; sourceTree = BUILT_PRODUCTS_DIR; };
		CE9D49A32C232A3E005021CF /* MulimeeUITests.swift */ = {isa = PBXFileReference; lastKnownFileType = sourcecode.swift; path = MulimeeUITests.swift; sourceTree = "<group>"; };
		CE9D49A52C232A3E005021CF /* MulimeeUITestsLaunchTests.swift */ = {isa = PBXFileReference; lastKnownFileType = sourcecode.swift; path = MulimeeUITestsLaunchTests.swift; sourceTree = "<group>"; };
/* End PBXFileReference section */

/* Begin PBXFrameworksBuildPhase section */
		CE9D49812C232A3C005021CF /* Frameworks */ = {
			isa = PBXFrameworksBuildPhase;
			buildActionMask = 2147483647;
			files = (
			);
			runOnlyForDeploymentPostprocessing = 0;
		};
		CE9D49922C232A3E005021CF /* Frameworks */ = {
			isa = PBXFrameworksBuildPhase;
			buildActionMask = 2147483647;
			files = (
			);
			runOnlyForDeploymentPostprocessing = 0;
		};
		CE9D499C2C232A3E005021CF /* Frameworks */ = {
			isa = PBXFrameworksBuildPhase;
			buildActionMask = 2147483647;
			files = (
			);
			runOnlyForDeploymentPostprocessing = 0;
		};
/* End PBXFrameworksBuildPhase section */

/* Begin PBXGroup section */
		CE9D497B2C232A3C005021CF = {
			isa = PBXGroup;
			children = (
				CE9D49862C232A3C005021CF /* Mulimee */,
				CE9D49982C232A3E005021CF /* MulimeeTests */,
				CE9D49A22C232A3E005021CF /* MulimeeUITests */,
				CE9D49852C232A3C005021CF /* Products */,
			);
			sourceTree = "<group>";
		};
		CE9D49852C232A3C005021CF /* Products */ = {
			isa = PBXGroup;
			children = (
				CE9D49842C232A3C005021CF /* Mulimee.app */,
				CE9D49952C232A3E005021CF /* MulimeeTests.xctest */,
				CE9D499F2C232A3E005021CF /* MulimeeUITests.xctest */,
			);
			name = Products;
			sourceTree = "<group>";
		};
		CE9D49862C232A3C005021CF /* Mulimee */ = {
			isa = PBXGroup;
			children = (
				CE9D49872C232A3C005021CF /* MulimeeApp.swift */,
				CE4218B92C2B14F0005DA37D /* WaterInTake.swift */,
				CE9D49892C232A3C005021CF /* WaterInTakeView.swift */,
				CE4218BB2C2B1AC4005DA37D /* WaterInTakeViewModel.swift */,
				CE88BF342C2DAB8F00C6081F /* WaterDropView.swift */,
				CE88BF362C2DABD100C6081F /* WaterDropViewModel.swift */,
				CE88BF322C2D9C2C00C6081F /* WaterWaveView.swift */,
				CE9D498B2C232A3E005021CF /* Assets.xcassets */,
				CE9D498D2C232A3E005021CF /* Mulimee.entitlements */,
				CE9D498E2C232A3E005021CF /* Preview Content */,
			);
			path = Mulimee;
			sourceTree = "<group>";
		};
		CE9D498E2C232A3E005021CF /* Preview Content */ = {
			isa = PBXGroup;
			children = (
				CE9D498F2C232A3E005021CF /* Preview Assets.xcassets */,
			);
			path = "Preview Content";
			sourceTree = "<group>";
		};
		CE9D49982C232A3E005021CF /* MulimeeTests */ = {
			isa = PBXGroup;
			children = (
				CE9D49992C232A3E005021CF /* MulimeeTests.swift */,
			);
			path = MulimeeTests;
			sourceTree = "<group>";
		};
		CE9D49A22C232A3E005021CF /* MulimeeUITests */ = {
			isa = PBXGroup;
			children = (
				CE9D49A32C232A3E005021CF /* MulimeeUITests.swift */,
				CE9D49A52C232A3E005021CF /* MulimeeUITestsLaunchTests.swift */,
			);
			path = MulimeeUITests;
			sourceTree = "<group>";
		};
/* End PBXGroup section */

/* Begin PBXNativeTarget section */
		CE9D49832C232A3C005021CF /* Mulimee */ = {
			isa = PBXNativeTarget;
			buildConfigurationList = CE9D49A92C232A3E005021CF /* Build configuration list for PBXNativeTarget "Mulimee" */;
			buildPhases = (
				CE9D49802C232A3C005021CF /* Sources */,
				CE9D49812C232A3C005021CF /* Frameworks */,
				CE9D49822C232A3C005021CF /* Resources */,
			);
			buildRules = (
			);
			dependencies = (
			);
			name = Mulimee;
			productName = Mulimee;
			productReference = CE9D49842C232A3C005021CF /* Mulimee.app */;
			productType = "com.apple.product-type.application";
		};
		CE9D49942C232A3E005021CF /* MulimeeTests */ = {
			isa = PBXNativeTarget;
			buildConfigurationList = CE9D49AC2C232A3E005021CF /* Build configuration list for PBXNativeTarget "MulimeeTests" */;
			buildPhases = (
				CE9D49912C232A3E005021CF /* Sources */,
				CE9D49922C232A3E005021CF /* Frameworks */,
				CE9D49932C232A3E005021CF /* Resources */,
			);
			buildRules = (
			);
			dependencies = (
				CE9D49972C232A3E005021CF /* PBXTargetDependency */,
			);
			name = MulimeeTests;
			productName = MulimeeTests;
			productReference = CE9D49952C232A3E005021CF /* MulimeeTests.xctest */;
			productType = "com.apple.product-type.bundle.unit-test";
		};
		CE9D499E2C232A3E005021CF /* MulimeeUITests */ = {
			isa = PBXNativeTarget;
			buildConfigurationList = CE9D49AF2C232A3E005021CF /* Build configuration list for PBXNativeTarget "MulimeeUITests" */;
			buildPhases = (
				CE9D499B2C232A3E005021CF /* Sources */,
				CE9D499C2C232A3E005021CF /* Frameworks */,
				CE9D499D2C232A3E005021CF /* Resources */,
			);
			buildRules = (
			);
			dependencies = (
				CE9D49A12C232A3E005021CF /* PBXTargetDependency */,
			);
			name = MulimeeUITests;
			productName = MulimeeUITests;
			productReference = CE9D499F2C232A3E005021CF /* MulimeeUITests.xctest */;
			productType = "com.apple.product-type.bundle.ui-testing";
		};
/* End PBXNativeTarget section */

/* Begin PBXProject section */
		CE9D497C2C232A3C005021CF /* Project object */ = {
			isa = PBXProject;
			attributes = {
				BuildIndependentTargetsInParallel = 1;
				LastSwiftUpdateCheck = 1540;
				LastUpgradeCheck = 1540;
				TargetAttributes = {
					CE9D49832C232A3C005021CF = {
						CreatedOnToolsVersion = 15.4;
					};
					CE9D49942C232A3E005021CF = {
						CreatedOnToolsVersion = 15.4;
						TestTargetID = CE9D49832C232A3C005021CF;
					};
					CE9D499E2C232A3E005021CF = {
						CreatedOnToolsVersion = 15.4;
						TestTargetID = CE9D49832C232A3C005021CF;
					};
				};
			};
			buildConfigurationList = CE9D497F2C232A3C005021CF /* Build configuration list for PBXProject "Mulimee" */;
			compatibilityVersion = "Xcode 14.0";
			developmentRegion = en;
			hasScannedForEncodings = 0;
			knownRegions = (
				en,
				Base,
			);
			mainGroup = CE9D497B2C232A3C005021CF;
			productRefGroup = CE9D49852C232A3C005021CF /* Products */;
			projectDirPath = "";
			projectRoot = "";
			targets = (
				CE9D49832C232A3C005021CF /* Mulimee */,
				CE9D49942C232A3E005021CF /* MulimeeTests */,
				CE9D499E2C232A3E005021CF /* MulimeeUITests */,
			);
		};
/* End PBXProject section */

/* Begin PBXResourcesBuildPhase section */
		CE9D49822C232A3C005021CF /* Resources */ = {
			isa = PBXResourcesBuildPhase;
			buildActionMask = 2147483647;
			files = (
				CE9D49902C232A3E005021CF /* Preview Assets.xcassets in Resources */,
				CE9D498C2C232A3E005021CF /* Assets.xcassets in Resources */,
			);
			runOnlyForDeploymentPostprocessing = 0;
		};
		CE9D49932C232A3E005021CF /* Resources */ = {
			isa = PBXResourcesBuildPhase;
			buildActionMask = 2147483647;
			files = (
			);
			runOnlyForDeploymentPostprocessing = 0;
		};
		CE9D499D2C232A3E005021CF /* Resources */ = {
			isa = PBXResourcesBuildPhase;
			buildActionMask = 2147483647;
			files = (
			);
			runOnlyForDeploymentPostprocessing = 0;
		};
/* End PBXResourcesBuildPhase section */

/* Begin PBXSourcesBuildPhase section */
		CE9D49802C232A3C005021CF /* Sources */ = {
			isa = PBXSourcesBuildPhase;
			buildActionMask = 2147483647;
			files = (
				CE4218BC2C2B1AC4005DA37D /* WaterInTakeViewModel.swift in Sources */,
				CE9D498A2C232A3C005021CF /* WaterInTakeView.swift in Sources */,
				CE88BF372C2DABD100C6081F /* WaterDropViewModel.swift in Sources */,
				CE9D49882C232A3C005021CF /* MulimeeApp.swift in Sources */,
				CE88BF352C2DAB8F00C6081F /* WaterDropView.swift in Sources */,
				CE4218BA2C2B14F0005DA37D /* WaterInTake.swift in Sources */,
				CE88BF332C2D9C2C00C6081F /* WaterWaveView.swift in Sources */,
			);
			runOnlyForDeploymentPostprocessing = 0;
		};
		CE9D49912C232A3E005021CF /* Sources */ = {
			isa = PBXSourcesBuildPhase;
			buildActionMask = 2147483647;
			files = (
				CE9D499A2C232A3E005021CF /* MulimeeTests.swift in Sources */,
			);
			runOnlyForDeploymentPostprocessing = 0;
		};
		CE9D499B2C232A3E005021CF /* Sources */ = {
			isa = PBXSourcesBuildPhase;
			buildActionMask = 2147483647;
			files = (
				CE9D49A42C232A3E005021CF /* MulimeeUITests.swift in Sources */,
				CE9D49A62C232A3E005021CF /* MulimeeUITestsLaunchTests.swift in Sources */,
			);
			runOnlyForDeploymentPostprocessing = 0;
		};
/* End PBXSourcesBuildPhase section */

/* Begin PBXTargetDependency section */
		CE9D49972C232A3E005021CF /* PBXTargetDependency */ = {
			isa = PBXTargetDependency;
			target = CE9D49832C232A3C005021CF /* Mulimee */;
			targetProxy = CE9D49962C232A3E005021CF /* PBXContainerItemProxy */;
		};
		CE9D49A12C232A3E005021CF /* PBXTargetDependency */ = {
			isa = PBXTargetDependency;
			target = CE9D49832C232A3C005021CF /* Mulimee */;
			targetProxy = CE9D49A02C232A3E005021CF /* PBXContainerItemProxy */;
		};
/* End PBXTargetDependency section */

/* Begin XCBuildConfiguration section */
		CE9D49A72C232A3E005021CF /* Debug */ = {
			isa = XCBuildConfiguration;
			buildSettings = {
				ALWAYS_SEARCH_USER_PATHS = NO;
				ASSETCATALOG_COMPILER_GENERATE_SWIFT_ASSET_SYMBOL_EXTENSIONS = YES;
				CLANG_ANALYZER_NONNULL = YES;
				CLANG_ANALYZER_NUMBER_OBJECT_CONVERSION = YES_AGGRESSIVE;
				CLANG_CXX_LANGUAGE_STANDARD = "gnu++20";
				CLANG_ENABLE_MODULES = YES;
				CLANG_ENABLE_OBJC_ARC = YES;
				CLANG_ENABLE_OBJC_WEAK = YES;
				CLANG_WARN_BLOCK_CAPTURE_AUTORELEASING = YES;
				CLANG_WARN_BOOL_CONVERSION = YES;
				CLANG_WARN_COMMA = YES;
				CLANG_WARN_CONSTANT_CONVERSION = YES;
				CLANG_WARN_DEPRECATED_OBJC_IMPLEMENTATIONS = YES;
				CLANG_WARN_DIRECT_OBJC_ISA_USAGE = YES_ERROR;
				CLANG_WARN_DOCUMENTATION_COMMENTS = YES;
				CLANG_WARN_EMPTY_BODY = YES;
				CLANG_WARN_ENUM_CONVERSION = YES;
				CLANG_WARN_INFINITE_RECURSION = YES;
				CLANG_WARN_INT_CONVERSION = YES;
				CLANG_WARN_NON_LITERAL_NULL_CONVERSION = YES;
				CLANG_WARN_OBJC_IMPLICIT_RETAIN_SELF = YES;
				CLANG_WARN_OBJC_LITERAL_CONVERSION = YES;
				CLANG_WARN_OBJC_ROOT_CLASS = YES_ERROR;
				CLANG_WARN_QUOTED_INCLUDE_IN_FRAMEWORK_HEADER = YES;
				CLANG_WARN_RANGE_LOOP_ANALYSIS = YES;
				CLANG_WARN_STRICT_PROTOTYPES = YES;
				CLANG_WARN_SUSPICIOUS_MOVE = YES;
				CLANG_WARN_UNGUARDED_AVAILABILITY = YES_AGGRESSIVE;
				CLANG_WARN_UNREACHABLE_CODE = YES;
				CLANG_WARN__DUPLICATE_METHOD_MATCH = YES;
				COPY_PHASE_STRIP = NO;
				DEBUG_INFORMATION_FORMAT = dwarf;
				ENABLE_STRICT_OBJC_MSGSEND = YES;
				ENABLE_TESTABILITY = YES;
				ENABLE_USER_SCRIPT_SANDBOXING = YES;
				GCC_C_LANGUAGE_STANDARD = gnu17;
				GCC_DYNAMIC_NO_PIC = NO;
				GCC_NO_COMMON_BLOCKS = YES;
				GCC_OPTIMIZATION_LEVEL = 0;
				GCC_PREPROCESSOR_DEFINITIONS = (
					"DEBUG=1",
					"$(inherited)",
				);
				GCC_WARN_64_TO_32_BIT_CONVERSION = YES;
				GCC_WARN_ABOUT_RETURN_TYPE = YES_ERROR;
				GCC_WARN_UNDECLARED_SELECTOR = YES;
				GCC_WARN_UNINITIALIZED_AUTOS = YES_AGGRESSIVE;
				GCC_WARN_UNUSED_FUNCTION = YES;
				GCC_WARN_UNUSED_VARIABLE = YES;
				LOCALIZATION_PREFERS_STRING_CATALOGS = YES;
				MTL_ENABLE_DEBUG_INFO = INCLUDE_SOURCE;
				MTL_FAST_MATH = YES;
				ONLY_ACTIVE_ARCH = YES;
				SWIFT_ACTIVE_COMPILATION_CONDITIONS = "DEBUG $(inherited)";
				SWIFT_OPTIMIZATION_LEVEL = "-Onone";
			};
			name = Debug;
		};
		CE9D49A82C232A3E005021CF /* Release */ = {
			isa = XCBuildConfiguration;
			buildSettings = {
				ALWAYS_SEARCH_USER_PATHS = NO;
				ASSETCATALOG_COMPILER_GENERATE_SWIFT_ASSET_SYMBOL_EXTENSIONS = YES;
				CLANG_ANALYZER_NONNULL = YES;
				CLANG_ANALYZER_NUMBER_OBJECT_CONVERSION = YES_AGGRESSIVE;
				CLANG_CXX_LANGUAGE_STANDARD = "gnu++20";
				CLANG_ENABLE_MODULES = YES;
				CLANG_ENABLE_OBJC_ARC = YES;
				CLANG_ENABLE_OBJC_WEAK = YES;
				CLANG_WARN_BLOCK_CAPTURE_AUTORELEASING = YES;
				CLANG_WARN_BOOL_CONVERSION = YES;
				CLANG_WARN_COMMA = YES;
				CLANG_WARN_CONSTANT_CONVERSION = YES;
				CLANG_WARN_DEPRECATED_OBJC_IMPLEMENTATIONS = YES;
				CLANG_WARN_DIRECT_OBJC_ISA_USAGE = YES_ERROR;
				CLANG_WARN_DOCUMENTATION_COMMENTS = YES;
				CLANG_WARN_EMPTY_BODY = YES;
				CLANG_WARN_ENUM_CONVERSION = YES;
				CLANG_WARN_INFINITE_RECURSION = YES;
				CLANG_WARN_INT_CONVERSION = YES;
				CLANG_WARN_NON_LITERAL_NULL_CONVERSION = YES;
				CLANG_WARN_OBJC_IMPLICIT_RETAIN_SELF = YES;
				CLANG_WARN_OBJC_LITERAL_CONVERSION = YES;
				CLANG_WARN_OBJC_ROOT_CLASS = YES_ERROR;
				CLANG_WARN_QUOTED_INCLUDE_IN_FRAMEWORK_HEADER = YES;
				CLANG_WARN_RANGE_LOOP_ANALYSIS = YES;
				CLANG_WARN_STRICT_PROTOTYPES = YES;
				CLANG_WARN_SUSPICIOUS_MOVE = YES;
				CLANG_WARN_UNGUARDED_AVAILABILITY = YES_AGGRESSIVE;
				CLANG_WARN_UNREACHABLE_CODE = YES;
				CLANG_WARN__DUPLICATE_METHOD_MATCH = YES;
				COPY_PHASE_STRIP = NO;
				DEBUG_INFORMATION_FORMAT = "dwarf-with-dsym";
				ENABLE_NS_ASSERTIONS = NO;
				ENABLE_STRICT_OBJC_MSGSEND = YES;
				ENABLE_USER_SCRIPT_SANDBOXING = YES;
				GCC_C_LANGUAGE_STANDARD = gnu17;
				GCC_NO_COMMON_BLOCKS = YES;
				GCC_WARN_64_TO_32_BIT_CONVERSION = YES;
				GCC_WARN_ABOUT_RETURN_TYPE = YES_ERROR;
				GCC_WARN_UNDECLARED_SELECTOR = YES;
				GCC_WARN_UNINITIALIZED_AUTOS = YES_AGGRESSIVE;
				GCC_WARN_UNUSED_FUNCTION = YES;
				GCC_WARN_UNUSED_VARIABLE = YES;
				LOCALIZATION_PREFERS_STRING_CATALOGS = YES;
				MTL_ENABLE_DEBUG_INFO = NO;
				MTL_FAST_MATH = YES;
				SWIFT_COMPILATION_MODE = wholemodule;
			};
			name = Release;
		};
		CE9D49AA2C232A3E005021CF /* Debug */ = {
			isa = XCBuildConfiguration;
			buildSettings = {
				ASSETCATALOG_COMPILER_APPICON_NAME = AppIcon;
				ASSETCATALOG_COMPILER_GLOBAL_ACCENT_COLOR_NAME = AccentColor;
				CODE_SIGN_ENTITLEMENTS = Mulimee/Mulimee.entitlements;
				CODE_SIGN_STYLE = Automatic;
				CURRENT_PROJECT_VERSION = 1;
				DEVELOPMENT_ASSET_PATHS = "\"Mulimee/Preview Content\"";
				DEVELOPMENT_TEAM = 8UV3Y69NB7;
				ENABLE_HARDENED_RUNTIME = YES;
				ENABLE_PREVIEWS = YES;
				GENERATE_INFOPLIST_FILE = YES;
				"INFOPLIST_KEY_UIApplicationSceneManifest_Generation[sdk=iphoneos*]" = YES;
				"INFOPLIST_KEY_UIApplicationSceneManifest_Generation[sdk=iphonesimulator*]" = YES;
				"INFOPLIST_KEY_UIApplicationSupportsIndirectInputEvents[sdk=iphoneos*]" = YES;
				"INFOPLIST_KEY_UIApplicationSupportsIndirectInputEvents[sdk=iphonesimulator*]" = YES;
				"INFOPLIST_KEY_UILaunchScreen_Generation[sdk=iphoneos*]" = YES;
				"INFOPLIST_KEY_UILaunchScreen_Generation[sdk=iphonesimulator*]" = YES;
				"INFOPLIST_KEY_UIStatusBarStyle[sdk=iphoneos*]" = UIStatusBarStyleDefault;
				"INFOPLIST_KEY_UIStatusBarStyle[sdk=iphonesimulator*]" = UIStatusBarStyleDefault;
				INFOPLIST_KEY_UISupportedInterfaceOrientations_iPad = "UIInterfaceOrientationPortrait UIInterfaceOrientationPortraitUpsideDown UIInterfaceOrientationLandscapeLeft UIInterfaceOrientationLandscapeRight";
				INFOPLIST_KEY_UISupportedInterfaceOrientations_iPhone = "UIInterfaceOrientationPortrait UIInterfaceOrientationLandscapeLeft UIInterfaceOrientationLandscapeRight";
				IPHONEOS_DEPLOYMENT_TARGET = 17.5;
				LD_RUNPATH_SEARCH_PATHS = "@executable_path/Frameworks";
				"LD_RUNPATH_SEARCH_PATHS[sdk=macosx*]" = "@executable_path/../Frameworks";
				MACOSX_DEPLOYMENT_TARGET = 14.5;
				MARKETING_VERSION = 1.0;
				PRODUCT_BUNDLE_IDENTIFIER = gaeng2y.Mulimee;
				PRODUCT_NAME = "$(TARGET_NAME)";
				SDKROOT = auto;
				SUPPORTED_PLATFORMS = "iphoneos iphonesimulator macosx";
				SWIFT_EMIT_LOC_STRINGS = YES;
				SWIFT_VERSION = 5.0;
				TARGETED_DEVICE_FAMILY = "1,2";
			};
			name = Debug;
		};
		CE9D49AB2C232A3E005021CF /* Release */ = {
			isa = XCBuildConfiguration;
			buildSettings = {
				ASSETCATALOG_COMPILER_APPICON_NAME = AppIcon;
				ASSETCATALOG_COMPILER_GLOBAL_ACCENT_COLOR_NAME = AccentColor;
				CODE_SIGN_ENTITLEMENTS = Mulimee/Mulimee.entitlements;
				CODE_SIGN_STYLE = Automatic;
				CURRENT_PROJECT_VERSION = 1;
				DEVELOPMENT_ASSET_PATHS = "\"Mulimee/Preview Content\"";
				DEVELOPMENT_TEAM = 8UV3Y69NB7;
				ENABLE_HARDENED_RUNTIME = YES;
				ENABLE_PREVIEWS = YES;
				GENERATE_INFOPLIST_FILE = YES;
				"INFOPLIST_KEY_UIApplicationSceneManifest_Generation[sdk=iphoneos*]" = YES;
				"INFOPLIST_KEY_UIApplicationSceneManifest_Generation[sdk=iphonesimulator*]" = YES;
				"INFOPLIST_KEY_UIApplicationSupportsIndirectInputEvents[sdk=iphoneos*]" = YES;
				"INFOPLIST_KEY_UIApplicationSupportsIndirectInputEvents[sdk=iphonesimulator*]" = YES;
				"INFOPLIST_KEY_UILaunchScreen_Generation[sdk=iphoneos*]" = YES;
				"INFOPLIST_KEY_UILaunchScreen_Generation[sdk=iphonesimulator*]" = YES;
				"INFOPLIST_KEY_UIStatusBarStyle[sdk=iphoneos*]" = UIStatusBarStyleDefault;
				"INFOPLIST_KEY_UIStatusBarStyle[sdk=iphonesimulator*]" = UIStatusBarStyleDefault;
				INFOPLIST_KEY_UISupportedInterfaceOrientations_iPad = "UIInterfaceOrientationPortrait UIInterfaceOrientationPortraitUpsideDown UIInterfaceOrientationLandscapeLeft UIInterfaceOrientationLandscapeRight";
				INFOPLIST_KEY_UISupportedInterfaceOrientations_iPhone = "UIInterfaceOrientationPortrait UIInterfaceOrientationLandscapeLeft UIInterfaceOrientationLandscapeRight";
				IPHONEOS_DEPLOYMENT_TARGET = 17.5;
				LD_RUNPATH_SEARCH_PATHS = "@executable_path/Frameworks";
				"LD_RUNPATH_SEARCH_PATHS[sdk=macosx*]" = "@executable_path/../Frameworks";
				MACOSX_DEPLOYMENT_TARGET = 14.5;
				MARKETING_VERSION = 1.0;
				PRODUCT_BUNDLE_IDENTIFIER = gaeng2y.Mulimee;
				PRODUCT_NAME = "$(TARGET_NAME)";
				SDKROOT = auto;
				SUPPORTED_PLATFORMS = "iphoneos iphonesimulator macosx";
				SWIFT_EMIT_LOC_STRINGS = YES;
				SWIFT_VERSION = 5.0;
				TARGETED_DEVICE_FAMILY = "1,2";
			};
			name = Release;
		};
		CE9D49AD2C232A3E005021CF /* Debug */ = {
			isa = XCBuildConfiguration;
			buildSettings = {
				ALWAYS_EMBED_SWIFT_STANDARD_LIBRARIES = YES;
				BUNDLE_LOADER = "$(TEST_HOST)";
				CODE_SIGN_STYLE = Automatic;
				CURRENT_PROJECT_VERSION = 1;
				DEVELOPMENT_TEAM = 8UV3Y69NB7;
				GENERATE_INFOPLIST_FILE = YES;
				IPHONEOS_DEPLOYMENT_TARGET = 17.5;
				MACOSX_DEPLOYMENT_TARGET = 14.5;
				MARKETING_VERSION = 1.0;
				PRODUCT_BUNDLE_IDENTIFIER = gaeng2y.MulimeeTests;
				PRODUCT_NAME = "$(TARGET_NAME)";
				SDKROOT = auto;
				SUPPORTED_PLATFORMS = "iphoneos iphonesimulator macosx";
				SWIFT_EMIT_LOC_STRINGS = NO;
				SWIFT_VERSION = 5.0;
				TARGETED_DEVICE_FAMILY = "1,2";
				TEST_HOST = "$(BUILT_PRODUCTS_DIR)/Mulimee.app/$(BUNDLE_EXECUTABLE_FOLDER_PATH)/Mulimee";
			};
			name = Debug;
		};
		CE9D49AE2C232A3E005021CF /* Release */ = {
			isa = XCBuildConfiguration;
			buildSettings = {
				ALWAYS_EMBED_SWIFT_STANDARD_LIBRARIES = YES;
				BUNDLE_LOADER = "$(TEST_HOST)";
				CODE_SIGN_STYLE = Automatic;
				CURRENT_PROJECT_VERSION = 1;
				DEVELOPMENT_TEAM = 8UV3Y69NB7;
				GENERATE_INFOPLIST_FILE = YES;
				IPHONEOS_DEPLOYMENT_TARGET = 17.5;
				MACOSX_DEPLOYMENT_TARGET = 14.5;
				MARKETING_VERSION = 1.0;
				PRODUCT_BUNDLE_IDENTIFIER = gaeng2y.MulimeeTests;
				PRODUCT_NAME = "$(TARGET_NAME)";
				SDKROOT = auto;
				SUPPORTED_PLATFORMS = "iphoneos iphonesimulator macosx";
				SWIFT_EMIT_LOC_STRINGS = NO;
				SWIFT_VERSION = 5.0;
				TARGETED_DEVICE_FAMILY = "1,2";
				TEST_HOST = "$(BUILT_PRODUCTS_DIR)/Mulimee.app/$(BUNDLE_EXECUTABLE_FOLDER_PATH)/Mulimee";
			};
			name = Release;
		};
		CE9D49B02C232A3E005021CF /* Debug */ = {
			isa = XCBuildConfiguration;
			buildSettings = {
				ALWAYS_EMBED_SWIFT_STANDARD_LIBRARIES = YES;
				CODE_SIGN_STYLE = Automatic;
				CURRENT_PROJECT_VERSION = 1;
				DEVELOPMENT_TEAM = 8UV3Y69NB7;
				GENERATE_INFOPLIST_FILE = YES;
				IPHONEOS_DEPLOYMENT_TARGET = 17.5;
				MACOSX_DEPLOYMENT_TARGET = 14.5;
				MARKETING_VERSION = 1.0;
				PRODUCT_BUNDLE_IDENTIFIER = gaeng2y.MulimeeUITests;
				PRODUCT_NAME = "$(TARGET_NAME)";
				SDKROOT = auto;
				SUPPORTED_PLATFORMS = "iphoneos iphonesimulator macosx";
				SWIFT_EMIT_LOC_STRINGS = NO;
				SWIFT_VERSION = 5.0;
				TARGETED_DEVICE_FAMILY = "1,2";
				TEST_TARGET_NAME = Mulimee;
			};
			name = Debug;
		};
		CE9D49B12C232A3E005021CF /* Release */ = {
			isa = XCBuildConfiguration;
			buildSettings = {
				ALWAYS_EMBED_SWIFT_STANDARD_LIBRARIES = YES;
				CODE_SIGN_STYLE = Automatic;
				CURRENT_PROJECT_VERSION = 1;
				DEVELOPMENT_TEAM = 8UV3Y69NB7;
				GENERATE_INFOPLIST_FILE = YES;
				IPHONEOS_DEPLOYMENT_TARGET = 17.5;
				MACOSX_DEPLOYMENT_TARGET = 14.5;
				MARKETING_VERSION = 1.0;
				PRODUCT_BUNDLE_IDENTIFIER = gaeng2y.MulimeeUITests;
				PRODUCT_NAME = "$(TARGET_NAME)";
				SDKROOT = auto;
				SUPPORTED_PLATFORMS = "iphoneos iphonesimulator macosx";
				SWIFT_EMIT_LOC_STRINGS = NO;
				SWIFT_VERSION = 5.0;
				TARGETED_DEVICE_FAMILY = "1,2";
				TEST_TARGET_NAME = Mulimee;
			};
			name = Release;
		};
/* End XCBuildConfiguration section */

/* Begin XCConfigurationList section */
		CE9D497F2C232A3C005021CF /* Build configuration list for PBXProject "Mulimee" */ = {
			isa = XCConfigurationList;
			buildConfigurations = (
				CE9D49A72C232A3E005021CF /* Debug */,
				CE9D49A82C232A3E005021CF /* Release */,
			);
			defaultConfigurationIsVisible = 0;
			defaultConfigurationName = Release;
		};
		CE9D49A92C232A3E005021CF /* Build configuration list for PBXNativeTarget "Mulimee" */ = {
			isa = XCConfigurationList;
			buildConfigurations = (
				CE9D49AA2C232A3E005021CF /* Debug */,
				CE9D49AB2C232A3E005021CF /* Release */,
			);
			defaultConfigurationIsVisible = 0;
			defaultConfigurationName = Release;
		};
		CE9D49AC2C232A3E005021CF /* Build configuration list for PBXNativeTarget "MulimeeTests" */ = {
			isa = XCConfigurationList;
			buildConfigurations = (
				CE9D49AD2C232A3E005021CF /* Debug */,
				CE9D49AE2C232A3E005021CF /* Release */,
			);
			defaultConfigurationIsVisible = 0;
			defaultConfigurationName = Release;
		};
		CE9D49AF2C232A3E005021CF /* Build configuration list for PBXNativeTarget "MulimeeUITests" */ = {
			isa = XCConfigurationList;
			buildConfigurations = (
				CE9D49B02C232A3E005021CF /* Debug */,
				CE9D49B12C232A3E005021CF /* Release */,
			);
			defaultConfigurationIsVisible = 0;
			defaultConfigurationName = Release;
		};
/* End XCConfigurationList section */
	};
	rootObject = CE9D497C2C232A3C005021CF /* Project object */;
}
